{
  "name": "amx-setup",
  "version": "1.0.0",
  "lockfileVersion": 1,
  "packageIntegrity": "sha512-B/kUQ1tM0w0mvGaqnWHeBuxQQJ6Fq2U4NMeyEk2JWh9IIbxm4ahQuqVR/9RM/CoHcRd8TdFPgwDqi5vkwFOUmg==",
  "dependencies": {
    "bluebird": {
      "version": "3.4.7",
      "resolved": "https://registry.npmjs.org/bluebird/-/bluebird-3.4.7.tgz",
      "integrity": "sha1-9y12C+Cbf3bQjtj66Ysomo0F+rM="
    },
    "minimist": {
      "version": "1.2.0",
      "resolved": "https://registry.npmjs.org/minimist/-/minimist-1.2.0.tgz",
      "integrity": "sha1-o1AIsg9BOD7sH7kU9M1d95omQoQ="
    },
    "telnet-client": {
      "version": "0.15.0",
      "resolved": "https://registry.npmjs.org/telnet-client/-/telnet-client-0.15.0.tgz",
      "integrity": "sha1-jyjGH0wUgPMtuJevIpUIZvcaxtg="
    }
  }
}
